
Microsoft Visual Studio Solution File, Format Version 12.00
# Visual Studio 14
VisualStudioVersion = 14.0.25420.1
MinimumVisualStudioVersion = 10.0.40219.1
Project("{FAE04EC0-301F-11D3-BF4B-00C04F79EFBC}") = "ThemeSeller", "ThemeSeller\ThemeSeller.csproj", "{E7F7BE31-7C1E-4444-AEAA-408CF172ADB3}"
EndProject
Project("{FAE04EC0-301F-11D3-BF4B-00C04F79EFBC}") = "DataLayer", "DataLayer\DataLayer.csproj", "{BDE133DF-547F-4BA8-B88E-33F378CD8F5C}"
EndProject
Global
	GlobalSection(SolutionConfigurationPlatforms) = preSolution
		Debug|Any CPU = Debug|Any CPU
		Release|Any CPU = Release|Any CPU
	EndGlobalSection
	GlobalSection(ProjectConfigurationPlatforms) = postSolution
		{E7F7BE31-7C1E-4444-AEAA-408CF172ADB3}.Debug|Any CPU.ActiveCfg = Debug|Any CPU
		{E7F7BE31-7C1E-4444-AEAA-408CF172ADB3}.Debug|Any CPU.Build.0 = Debug|Any CPU
		{E7F7BE31-7C1E-4444-AEAA-408CF172ADB3}.Release|Any CPU.ActiveCfg = Release|Any CPU
		{E7F7BE31-7C1E-4444-AEAA-408CF172ADB3}.Release|Any CPU.Build.0 = Release|Any CPU
		{BDE133DF-547F-4BA8-B88E-33F378CD8F5C}.Debug|Any CPU.ActiveCfg = Debug|Any CPU
		{BDE133DF-547F-4BA8-B88E-33F378CD8F5C}.Debug|Any CPU.Build.0 = Debug|Any CPU
		{BDE133DF-547F-4BA8-B88E-33F378CD8F5C}.Release|Any CPU.ActiveCfg = Release|Any CPU
		{BDE133DF-547F-4BA8-B88E-33F378CD8F5C}.Release|Any CPU.Build.0 = Release|Any CPU
	EndGlobalSection
	GlobalSection(SolutionProperties) = preSolution
		HideSolutionNode = FALSE
	EndGlobalSection
EndGlobal
